
Microsoft Visual Studio Solution File, Format Version 12.00
# Visual Studio Version 16
VisualStudioVersion = 16.0.31702.278
MinimumVisualStudioVersion = 10.0.40219.1
Project("{FAE04EC0-301F-11D3-BF4B-00C04F79EFBC}") = "CPU-16 Microassembler", "CPU-16 Microassembler\CPU-16 Microassembler.csproj", "{D0D7F96A-5E65-43C2-BA4F-F5A5CB3F40F9}"
EndProject
Global
	GlobalSection(SolutionConfigurationPlatforms) = preSolution
		Debug|Any CPU = Debug|Any CPU
		Release|Any CPU = Release|Any CPU
	EndGlobalSection
	GlobalSection(ProjectConfigurationPlatforms) = postSolution
		{D0D7F96A-5E65-43C2-BA4F-F5A5CB3F40F9}.Debug|Any CPU.ActiveCfg = Debug|Any CPU
		{D0D7F96A-5E65-43C2-BA4F-F5A5CB3F40F9}.Debug|Any CPU.Build.0 = Debug|Any CPU
		{D0D7F96A-5E65-43C2-BA4F-F5A5CB3F40F9}.Release|Any CPU.ActiveCfg = Release|Any CPU
		{D0D7F96A-5E65-43C2-BA4F-F5A5CB3F40F9}.Release|Any CPU.Build.0 = Release|Any CPU
	EndGlobalSection
	GlobalSection(SolutionProperties) = preSolution
		HideSolutionNode = FALSE
	EndGlobalSection
	GlobalSection(ExtensibilityGlobals) = postSolution
		SolutionGuid = {653886B8-DCD6-4C1A-BABF-6D85A65E0006}
	EndGlobalSection
EndGlobal
